{
  "version": "5",
  "specifiers": {
    "jsr:@hono/hono@^4.7.7": "4.7.9",
    "npm:@aws-sdk/client-s3@*": "3.812.0",
    "npm:@aws-sdk/client-s3@^3.810.0": "3.812.0",
    "npm:@types/node@*": "22.12.0",
    "npm:aws-jwt-verify@^5.1.0": "5.1.0",
    "npm:aws-sdk@^2.1692.0": "2.1692.0",
    "npm:busboy@^1.6.0": "1.6.0",
    "npm:mime-types@^3.0.1": "3.0.1",
    "npm:pg@^8.14.1": "8.15.6",
    "npm:uuid@^11.1.0": "11.1.0"
  },
  "jsr": {
    "@hono/hono@4.7.9": {
      "integrity": "929baffb76209d2ce4c3442bab45957d5dda1726efb82cef13ec3a51d239c543"
    }
  },
  "npm": {
    "@aws-crypto/crc32@5.2.0": {
      "integrity": "sha512-nLbCWqQNgUiwwtFsen1AdzAtvuLRsQS8rYgMuxCrdKf9kOssamGLuPwyTY9wyYblNr9+1XM8v6zoDTPPSIeANg==",
      "dependencies": [
        "@aws-crypto/util",
        "@aws-sdk/types",
        "tslib"
      ]
    },
    "@aws-crypto/crc32c@5.2.0": {
      "integrity": "sha512-+iWb8qaHLYKrNvGRbiYRHSdKRWhto5XlZUEBwDjYNf+ly5SVYG6zEoYIdxvf5R3zyeP16w4PLBn3rH1xc74Rag==",
      "dependencies": [
        "@aws-crypto/util",
        "@aws-sdk/types",
        "tslib"
      ]
    },
    "@aws-crypto/sha1-browser@5.2.0": {
      "integrity": "sha512-OH6lveCFfcDjX4dbAvCFSYUjJZjDr/3XJ3xHtjn3Oj5b9RjojQo8npoLeA/bNwkOkrSQ0wgrHzXk4tDRxGKJeg==",
      "dependencies": [
        "@aws-crypto/supports-web-crypto",
        "@aws-crypto/util",
        "@aws-sdk/types",
        "@aws-sdk/util-locate-window",
        "@smithy/util-utf8@2.3.0",
        "tslib"
      ]
    },
    "@aws-crypto/sha256-browser@5.2.0": {
      "integrity": "sha512-AXfN/lGotSQwu6HNcEsIASo7kWXZ5HYWvfOmSNKDsEqC4OashTp8alTmaz+F7TC2L083SFv5RdB+qU3Vs1kZqw==",
      "dependencies": [
        "@aws-crypto/sha256-js",
        "@aws-crypto/supports-web-crypto",
        "@aws-crypto/util",
        "@aws-sdk/types",
        "@aws-sdk/util-locate-window",
        "@smithy/util-utf8@2.3.0",
        "tslib"
      ]
    },
    "@aws-crypto/sha256-js@5.2.0": {
      "integrity": "sha512-FFQQyu7edu4ufvIZ+OadFpHHOt+eSTBaYaki44c+akjg7qZg9oOQeLlk77F6tSYqjDAFClrHJk9tMf0HdVyOvA==",
      "dependencies": [
        "@aws-crypto/util",
        "@aws-sdk/types",
        "tslib"
      ]
    },
    "@aws-crypto/supports-web-crypto@5.2.0": {
      "integrity": "sha512-iAvUotm021kM33eCdNfwIN//F77/IADDSs58i+MDaOqFrVjZo9bAal0NK7HurRuWLLpF1iLX7gbWrjHjeo+YFg==",
      "dependencies": [
        "tslib"
      ]
    },
    "@aws-crypto/util@5.2.0": {
      "integrity": "sha512-4RkU9EsI6ZpBve5fseQlGNUWKMa1RLPQ1dnjnQoe07ldfIzcsGb5hC5W0Dm7u423KWzawlrpbjXBrXCEv9zazQ==",
      "dependencies": [
        "@aws-sdk/types",
        "@smithy/util-utf8@2.3.0",
        "tslib"
      ]
    },
    "@aws-sdk/client-s3@3.812.0": {
      "integrity": "sha512-kHgw9JDXNPLa/mHtWpOd5btBVXFSe+wwp1Ed9+bqz9uLkv0iV4joZrdQwnydkO8zlTs60Sc5ez+P2OiZ76i2Qg==",
      "dependencies": [
        "@aws-crypto/sha1-browser",
        "@aws-crypto/sha256-browser",
        "@aws-crypto/sha256-js",
        "@aws-sdk/core",
        "@aws-sdk/credential-provider-node",
        "@aws-sdk/middleware-bucket-endpoint",
        "@aws-sdk/middleware-expect-continue",
        "@aws-sdk/middleware-flexible-checksums",
        "@aws-sdk/middleware-host-header",
        "@aws-sdk/middleware-location-constraint",
        "@aws-sdk/middleware-logger",
        "@aws-sdk/middleware-recursion-detection",
        "@aws-sdk/middleware-sdk-s3",
        "@aws-sdk/middleware-ssec",
        "@aws-sdk/middleware-user-agent",
        "@aws-sdk/region-config-resolver",
        "@aws-sdk/signature-v4-multi-region",
        "@aws-sdk/types",
        "@aws-sdk/util-endpoints",
        "@aws-sdk/util-user-agent-browser",
        "@aws-sdk/util-user-agent-node",
        "@aws-sdk/xml-builder",
        "@smithy/config-resolver",
        "@smithy/core",
        "@smithy/eventstream-serde-browser",
        "@smithy/eventstream-serde-config-resolver",
        "@smithy/eventstream-serde-node",
        "@smithy/fetch-http-handler",
        "@smithy/hash-blob-browser",
        "@smithy/hash-node",
        "@smithy/hash-stream-node",
        "@smithy/invalid-dependency",
        "@smithy/md5-js",
        "@smithy/middleware-content-length",
        "@smithy/middleware-endpoint",
        "@smithy/middleware-retry",
        "@smithy/middleware-serde",
        "@smithy/middleware-stack",
        "@smithy/node-config-provider",
        "@smithy/node-http-handler",
        "@smithy/protocol-http",
        "@smithy/smithy-client",
        "@smithy/types",
        "@smithy/url-parser",
        "@smithy/util-base64",
        "@smithy/util-body-length-browser",
        "@smithy/util-body-length-node",
        "@smithy/util-defaults-mode-browser",
        "@smithy/util-defaults-mode-node",
        "@smithy/util-endpoints",
        "@smithy/util-middleware",
        "@smithy/util-retry",
        "@smithy/util-stream",
        "@smithy/util-utf8@4.0.0",
        "@smithy/util-waiter",
        "tslib"
      ]
    },
    "@aws-sdk/client-sso@3.812.0": {
      "integrity": "sha512-O//smQRj1+RXELB7xX54s5pZB0V69KHXpUZmz8V+8GAYO1FKTHfbpUgK+zyMNb+lFZxG9B69yl8pWPZ/K8bvxA==",
      "dependencies": [
        "@aws-crypto/sha256-browser",
        "@aws-crypto/sha256-js",
        "@aws-sdk/core",
        "@aws-sdk/middleware-host-header",
        "@aws-sdk/middleware-logger",
        "@aws-sdk/middleware-recursion-detection",
        "@aws-sdk/middleware-user-agent",
        "@aws-sdk/region-config-resolver",
        "@aws-sdk/types",
        "@aws-sdk/util-endpoints",
        "@aws-sdk/util-user-agent-browser",
        "@aws-sdk/util-user-agent-node",
        "@smithy/config-resolver",
        "@smithy/core",
        "@smithy/fetch-http-handler",
        "@smithy/hash-node",
        "@smithy/invalid-dependency",
        "@smithy/middleware-content-length",
        "@smithy/middleware-endpoint",
        "@smithy/middleware-retry",
        "@smithy/middleware-serde",
        "@smithy/middleware-stack",
        "@smithy/node-config-provider",
        "@smithy/node-http-handler",
        "@smithy/protocol-http",
        "@smithy/smithy-client",
        "@smithy/types",
        "@smithy/url-parser",
        "@smithy/util-base64",
        "@smithy/util-body-length-browser",
        "@smithy/util-body-length-node",
        "@smithy/util-defaults-mode-browser",
        "@smithy/util-defaults-mode-node",
        "@smithy/util-endpoints",
        "@smithy/util-middleware",
        "@smithy/util-retry",
        "@smithy/util-utf8@4.0.0",
        "tslib"
      ]
    },
    "@aws-sdk/core@3.812.0": {
      "integrity": "sha512-myWA9oHMBVDObKrxG+puAkIGs8igcWInQ1PWCRTS/zN4BkhUMFjjh/JPV/4Vzvtvj5E36iujq2WtlrDLl1PpOw==",
      "dependencies": [
        "@aws-sdk/types",
        "@smithy/core",
        "@smithy/node-config-provider",
        "@smithy/property-provider",
        "@smithy/protocol-http",
        "@smithy/signature-v4",
        "@smithy/smithy-client",
        "@smithy/types",
        "@smithy/util-middleware",
        "fast-xml-parser",
        "tslib"
      ]
    },
    "@aws-sdk/credential-provider-env@3.812.0": {
      "integrity": "sha512-Ge7IEu06ANurGBZx39q9CNN/ncqb1K8lpKZCY969uNWO0/7YPhnplrRJGMZYIS35nD2mBm3ortEKjY/wMZZd5g==",
      "dependencies": [
        "@aws-sdk/core",
        "@aws-sdk/types",
        "@smithy/property-provider",
        "@smithy/types",
        "tslib"
      ]
    },
    "@aws-sdk/credential-provider-http@3.812.0": {
      "integrity": "sha512-Vux2U42vPGXeE407Lp6v3yVA65J7hBO9rB67LXshyGVi7VZLAYWc4mrZxNJNqabEkjcDEmMQQakLPT6zc5SvFw==",
      "dependencies": [
        "@aws-sdk/core",
        "@aws-sdk/types",
        "@smithy/fetch-http-handler",
        "@smithy/node-http-handler",
        "@smithy/property-provider",
        "@smithy/protocol-http",
        "@smithy/smithy-client",
        "@smithy/types",
        "@smithy/util-stream",
        "tslib"
      ]
    },
    "@aws-sdk/credential-provider-ini@3.812.0": {
      "integrity": "sha512-oltqGvQ488xtPY5wrNjbD+qQYYkuCjn30IDE1qKMxJ58EM6UVTQl3XV44Xq07xfF5gKwVJQkfIyOkRAguOVybg==",
      "dependencies": [
        "@aws-sdk/core",
        "@aws-sdk/credential-provider-env",
        "@aws-sdk/credential-provider-http",
        "@aws-sdk/credential-provider-process",
        "@aws-sdk/credential-provider-sso",
        "@aws-sdk/credential-provider-web-identity",
        "@aws-sdk/nested-clients",
        "@aws-sdk/types",
        "@smithy/credential-provider-imds",
        "@smithy/property-provider",
        "@smithy/shared-ini-file-loader",
        "@smithy/types",
        "tslib"
      ]
    },
    "@aws-sdk/credential-provider-node@3.812.0": {
      "integrity": "sha512-SnvSWBP6cr9nqx784eETnL2Zl7ZnMB/oJgFVEG1aejAGbT1H9gTpMwuUsBXk4u/mEYe3f1lh1Wqo+HwDgNkfrg==",
      "dependencies": [
        "@aws-sdk/credential-provider-env",
        "@aws-sdk/credential-provider-http",
        "@aws-sdk/credential-provider-ini",
        "@aws-sdk/credential-provider-process",
        "@aws-sdk/credential-provider-sso",
        "@aws-sdk/credential-provider-web-identity",
        "@aws-sdk/types",
        "@smithy/credential-provider-imds",
        "@smithy/property-provider",
        "@smithy/shared-ini-file-loader",
        "@smithy/types",
        "tslib"
      ]
    },
    "@aws-sdk/credential-provider-process@3.812.0": {
      "integrity": "sha512-YI8bb153XeEOb59F9KtTZEwDAc14s2YHZz58+OFiJ2udnKsPV87mNiFhJPW6ba9nmOLXVat5XDcwtVT1b664wg==",
      "dependencies": [
        "@aws-sdk/core",
        "@aws-sdk/types",
        "@smithy/property-provider",
        "@smithy/shared-ini-file-loader",
        "@smithy/types",
        "tslib"
      ]
    },
    "@aws-sdk/credential-provider-sso@3.812.0": {
      "integrity": "sha512-ODsPcNhgiO6GOa82TVNskM97mml9rioe9Cbhemz48lkfDQPv1u06NaCR0o3FsvprX1sEhMvJTR3sE1fyEOzvJQ==",
      "dependencies": [
        "@aws-sdk/client-sso",
        "@aws-sdk/core",
        "@aws-sdk/token-providers",
        "@aws-sdk/types",
        "@smithy/property-provider",
        "@smithy/shared-ini-file-loader",
        "@smithy/types",
        "tslib"
      ]
    },
    "@aws-sdk/credential-provider-web-identity@3.812.0": {
      "integrity": "sha512-E9Bmiujvm/Hp9DM/Vc1S+D0pQbx8/x4dR/zyAEZU9EoRq0duQOQ1reWYWbebYmL1OklcVpTfKV0a/VCwuAtGSg==",
      "dependencies": [
        "@aws-sdk/core",
        "@aws-sdk/nested-clients",
        "@aws-sdk/types",
        "@smithy/property-provider",
        "@smithy/types",
        "tslib"
      ]
    },
    "@aws-sdk/middleware-bucket-endpoint@3.808.0": {
      "integrity": "sha512-wEPlNcs8dir9lXbuviEGtSzYSxG/NRKQrJk5ybOc7OpPGHovsN+QhDOdY3lcjOFdwMTiMIG9foUkPz3zBpLB1A==",
      "dependencies": [
        "@aws-sdk/types",
        "@aws-sdk/util-arn-parser",
        "@smithy/node-config-provider",
        "@smithy/protocol-http",
        "@smithy/types",
        "@smithy/util-config-provider",
        "tslib"
      ]
    },
    "@aws-sdk/middleware-expect-continue@3.804.0": {
      "integrity": "sha512-YW1hySBolALMII6C8y7Z0CRG2UX1dGJjLEBNFeefhO/xP7ZuE1dvnmfJGaEuBMnvc3wkRS63VZ3aqX6sevM1CA==",
      "dependencies": [
        "@aws-sdk/types",
        "@smithy/protocol-http",
        "@smithy/types",
        "tslib"
      ]
    },
    "@aws-sdk/middleware-flexible-checksums@3.812.0": {
      "integrity": "sha512-/ayAooUZvV1GTomNMrfbhjUHAEaz0Wmio3lKyaTJsW4WdLJXBuzdo57YADRmYYUqx6awzJ6VJ6HGc1Uc6tOlbw==",
      "dependencies": [
        "@aws-crypto/crc32",
        "@aws-crypto/crc32c",
        "@aws-crypto/util",
        "@aws-sdk/core",
        "@aws-sdk/types",
        "@smithy/is-array-buffer@4.0.0",
        "@smithy/node-config-provider",
        "@smithy/protocol-http",
        "@smithy/types",
        "@smithy/util-middleware",
        "@smithy/util-stream",
        "@smithy/util-utf8@4.0.0",
        "tslib"
      ]
    },
    "@aws-sdk/middleware-host-header@3.804.0": {
      "integrity": "sha512-bum1hLVBrn2lJCi423Z2fMUYtsbkGI2s4N+2RI2WSjvbaVyMSv/WcejIrjkqiiMR+2Y7m5exgoKeg4/TODLDPQ==",
      "dependencies": [
        "@aws-sdk/types",
        "@smithy/protocol-http",
        "@smithy/types",
        "tslib"
      ]
    },
    "@aws-sdk/middleware-location-constraint@3.804.0": {
      "integrity": "sha512-AMtKnllIWKgoo7hiJfphLYotEwTERfjVMO2+cKAncz9w1g+bnYhHxiVhJJoR94y047c06X4PU5MsTxvdQ73Znw==",
      "dependencies": [
        "@aws-sdk/types",
        "@smithy/types",
        "tslib"
      ]
    },
    "@aws-sdk/middleware-logger@3.804.0": {
      "integrity": "sha512-w/qLwL3iq0KOPQNat0Kb7sKndl9BtceigINwBU7SpkYWX9L/Lem6f8NPEKrC9Tl4wDBht3Yztub4oRTy/horJA==",
      "dependencies": [
        "@aws-sdk/types",
        "@smithy/types",
        "tslib"
      ]
    },
    "@aws-sdk/middleware-recursion-detection@3.804.0": {
      "integrity": "sha512-zqHOrvLRdsUdN/ehYfZ9Tf8svhbiLLz5VaWUz22YndFv6m9qaAcijkpAOlKexsv3nLBMJdSdJ6GUTAeIy3BZzw==",
      "dependencies": [
        "@aws-sdk/types",
        "@smithy/protocol-http",
        "@smithy/types",
        "tslib"
      ]
    },
    "@aws-sdk/middleware-sdk-s3@3.812.0": {
      "integrity": "sha512-e8AqRRIaTsunL1hqtO1hksa9oTYdsIbfezHUyVpPGugUIB1lMqPt/DlBsanI85OzUD711UfNSEcZ1mqAxpDOoA==",
      "dependencies": [
        "@aws-sdk/core",
        "@aws-sdk/types",
        "@aws-sdk/util-arn-parser",
        "@smithy/core",
        "@smithy/node-config-provider",
        "@smithy/protocol-http",
        "@smithy/signature-v4",
        "@smithy/smithy-client",
        "@smithy/types",
        "@smithy/util-config-provider",
        "@smithy/util-middleware",
        "@smithy/util-stream",
        "@smithy/util-utf8@4.0.0",
        "tslib"
      ]
    },
    "@aws-sdk/middleware-ssec@3.804.0": {
      "integrity": "sha512-Tk8jK0gOIUBvEPTz/wwSlP1V70zVQ3QYqsLPAjQRMO6zfOK9ax31dln3MgKvFDJxBydS2tS3wsn53v+brxDxTA==",
      "dependencies": [
        "@aws-sdk/types",
        "@smithy/types",
        "tslib"
      ]
    },
    "@aws-sdk/middleware-user-agent@3.812.0": {
      "integrity": "sha512-r+HFwtSvnAs6Fydp4mijylrTX0og9p/xfxOcKsqhMuk3HpZAIcf9sSjRQI6MBusYklg7pnM4sGEnPAZIrdRotA==",
      "dependencies": [
        "@aws-sdk/core",
        "@aws-sdk/types",
        "@aws-sdk/util-endpoints",
        "@smithy/core",
        "@smithy/protocol-http",
        "@smithy/types",
        "tslib"
      ]
    },
    "@aws-sdk/nested-clients@3.812.0": {
      "integrity": "sha512-FS/fImbEpJU3cXtBGR9fyVd+CP51eNKlvTMi3f4/6lSk3RmHjudNC9yEF/og3jtpT3O+7vsNOUW9mHco5IjdQQ==",
      "dependencies": [
        "@aws-crypto/sha256-browser",
        "@aws-crypto/sha256-js",
        "@aws-sdk/core",
        "@aws-sdk/middleware-host-header",
        "@aws-sdk/middleware-logger",
        "@aws-sdk/middleware-recursion-detection",
        "@aws-sdk/middleware-user-agent",
        "@aws-sdk/region-config-resolver",
        "@aws-sdk/types",
        "@aws-sdk/util-endpoints",
        "@aws-sdk/util-user-agent-browser",
        "@aws-sdk/util-user-agent-node",
        "@smithy/config-resolver",
        "@smithy/core",
        "@smithy/fetch-http-handler",
        "@smithy/hash-node",
        "@smithy/invalid-dependency",
        "@smithy/middleware-content-length",
        "@smithy/middleware-endpoint",
        "@smithy/middleware-retry",
        "@smithy/middleware-serde",
        "@smithy/middleware-stack",
        "@smithy/node-config-provider",
        "@smithy/node-http-handler",
        "@smithy/protocol-http",
        "@smithy/smithy-client",
        "@smithy/types",
        "@smithy/url-parser",
        "@smithy/util-base64",
        "@smithy/util-body-length-browser",
        "@smithy/util-body-length-node",
        "@smithy/util-defaults-mode-browser",
        "@smithy/util-defaults-mode-node",
        "@smithy/util-endpoints",
        "@smithy/util-middleware",
        "@smithy/util-retry",
        "@smithy/util-utf8@4.0.0",
        "tslib"
      ]
    },
    "@aws-sdk/region-config-resolver@3.808.0": {
      "integrity": "sha512-9x2QWfphkARZY5OGkl9dJxZlSlYM2l5inFeo2bKntGuwg4A4YUe5h7d5yJ6sZbam9h43eBrkOdumx03DAkQF9A==",
      "dependencies": [
        "@aws-sdk/types",
        "@smithy/node-config-provider",
        "@smithy/types",
        "@smithy/util-config-provider",
        "@smithy/util-middleware",
        "tslib"
      ]
    },
    "@aws-sdk/signature-v4-multi-region@3.812.0": {
      "integrity": "sha512-JTpk3ZHf7TXYbicKfOKi+VrsBTqcAszg9QR9fQmT9aCxPp39gsF3WsXq7NjepwZ5So11ixGIsPE/jtMym399QQ==",
      "dependencies": [
        "@aws-sdk/middleware-sdk-s3",
        "@aws-sdk/types",
        "@smithy/protocol-http",
        "@smithy/signature-v4",
        "@smithy/types",
        "tslib"
      ]
    },
    "@aws-sdk/token-providers@3.812.0": {
      "integrity": "sha512-dbVBaKxrxE708ub5uH3w+cmKIeRQas+2Xf6rpckhohYY+IiflGOdK6aLrp3T6dOQgr/FJ37iQtcYNonAG+yVBQ==",
      "dependencies": [
        "@aws-sdk/nested-clients",
        "@aws-sdk/types",
        "@smithy/property-provider",
        "@smithy/shared-ini-file-loader",
        "@smithy/types",
        "tslib"
      ]
    },
    "@aws-sdk/types@3.804.0": {
      "integrity": "sha512-A9qnsy9zQ8G89vrPPlNG9d1d8QcKRGqJKqwyGgS0dclJpwy6d1EWgQLIolKPl6vcFpLoe6avLOLxr+h8ur5wpg==",
      "dependencies": [
        "@smithy/types",
        "tslib"
      ]
    },
    "@aws-sdk/util-arn-parser@3.804.0": {
      "integrity": "sha512-wmBJqn1DRXnZu3b4EkE6CWnoWMo1ZMvlfkqU5zPz67xx1GMaXlDCchFvKAXMjk4jn/L1O3tKnoFDNsoLV1kgNQ==",
      "dependencies": [
        "tslib"
      ]
    },
    "@aws-sdk/util-endpoints@3.808.0": {
      "integrity": "sha512-N6Lic98uc4ADB7fLWlzx+1uVnq04VgVjngZvwHoujcRg9YDhIg9dUDiTzD5VZv13g1BrPYmvYP1HhsildpGV6w==",
      "dependencies": [
        "@aws-sdk/types",
        "@smithy/types",
        "@smithy/util-endpoints",
        "tslib"
      ]
    },
    "@aws-sdk/util-locate-window@3.804.0": {
      "integrity": "sha512-zVoRfpmBVPodYlnMjgVjfGoEZagyRF5IPn3Uo6ZvOZp24chnW/FRstH7ESDHDDRga4z3V+ElUQHKpFDXWyBW5A==",
      "dependencies": [
        "tslib"
      ]
    },
    "@aws-sdk/util-user-agent-browser@3.804.0": {
      "integrity": "sha512-KfW6T6nQHHM/vZBBdGn6fMyG/MgX5lq82TDdX4HRQRRuHKLgBWGpKXqqvBwqIaCdXwWHgDrg2VQups6GqOWW2A==",
      "dependencies": [
        "@aws-sdk/types",
        "@smithy/types",
        "bowser",
        "tslib"
      ]
    },
    "@aws-sdk/util-user-agent-node@3.812.0": {
      "integrity": "sha512-8pt+OkHhS2U0LDwnzwRnFxyKn8sjSe752OIZQCNv263odud8jQu9pYO2pKqb2kRBk9h9szynjZBDLXfnvSQ7Bg==",
      "dependencies": [
        "@aws-sdk/middleware-user-agent",
        "@aws-sdk/types",
        "@smithy/node-config-provider",
        "@smithy/types",
        "tslib"
      ]
    },
    "@aws-sdk/xml-builder@3.804.0": {
      "integrity": "sha512-JbGWp36IG9dgxtvC6+YXwt5WDZYfuamWFtVfK6fQpnmL96dx+GUPOXPKRWdw67WLKf2comHY28iX2d3z35I53Q==",
      "dependencies": [
        "@smithy/types",
        "tslib"
      ]
    },
    "@smithy/abort-controller@4.0.3": {
      "integrity": "sha512-AqXFf6DXnuRBXy4SoK/n1mfgHaKaq36bmkphmD1KO0nHq6xK/g9KHSW4HEsPQUBCGdIEfuJifGHwxFXPIFay9Q==",
      "dependencies": [
        "@smithy/types",
        "tslib"
      ]
    },
    "@smithy/chunked-blob-reader-native@4.0.0": {
      "integrity": "sha512-R9wM2yPmfEMsUmlMlIgSzOyICs0x9uu7UTHoccMyt7BWw8shcGM8HqB355+BZCPBcySvbTYMs62EgEQkNxz2ig==",
      "dependencies": [
        "@smithy/util-base64",
        "tslib"
      ]
    },
    "@smithy/chunked-blob-reader@5.0.0": {
      "integrity": "sha512-+sKqDBQqb036hh4NPaUiEkYFkTUGYzRsn3EuFhyfQfMy6oGHEUJDurLP9Ufb5dasr/XiAmPNMr6wa9afjQB+Gw==",
      "dependencies": [
        "tslib"
      ]
    },
    "@smithy/config-resolver@4.1.3": {
      "integrity": "sha512-N5e7ofiyYDmHxnPnqF8L4KtsbSDwyxFRfDK9bp1d9OyPO4ytRLd0/XxCqi5xVaaqB65v4woW8uey6jND6zxzxQ==",
      "dependencies": [
        "@smithy/node-config-provider",
        "@smithy/types",
        "@smithy/util-config-provider",
        "@smithy/util-middleware",
        "tslib"
      ]
    },
    "@smithy/core@3.4.0": {
      "integrity": "sha512-dDYISQo7k0Ml/rXlFIjkTmTcQze/LxhtIRAEmZ6HJ/EI0inVxVEVnrUXJ7jPx6ZP0GHUhFm40iQcCgS5apXIXA==",
      "dependencies": [
        "@smithy/middleware-serde",
        "@smithy/protocol-http",
        "@smithy/types",
        "@smithy/util-body-length-browser",
        "@smithy/util-middleware",
        "@smithy/util-stream",
        "@smithy/util-utf8@4.0.0",
        "tslib"
      ]
    },
    "@smithy/credential-provider-imds@4.0.5": {
      "integrity": "sha512-saEAGwrIlkb9XxX/m5S5hOtzjoJPEK6Qw2f9pYTbIsMPOFyGSXBBTw95WbOyru8A1vIS2jVCCU1Qhz50QWG3IA==",
      "dependencies": [
        "@smithy/node-config-provider",
        "@smithy/property-provider",
        "@smithy/types",
        "@smithy/url-parser",
        "tslib"
      ]
    },
    "@smithy/eventstream-codec@4.0.3": {
      "integrity": "sha512-V22KIPXZsE2mc4zEgYGANM/7UbL9jWlOACEolyGyMuTY+jjHJ2PQ0FdopOTS1CS7u6PlAkALmypkv2oQ4aftcg==",
      "dependencies": [
        "@aws-crypto/crc32",
        "@smithy/types",
        "@smithy/util-hex-encoding",
        "tslib"
      ]
    },
    "@smithy/eventstream-serde-browser@4.0.3": {
      "integrity": "sha512-oe1d/tfCGVZBMX8O6HApaM4G+fF9JNdyLP7tWXt00epuL/kLOdp/4o9VqheLFeJaXgao+9IaBgs/q/oM48hxzg==",
      "dependencies": [
        "@smithy/eventstream-serde-universal",
        "@smithy/types",
        "tslib"
      ]
    },
    "@smithy/eventstream-serde-config-resolver@4.1.1": {
      "integrity": "sha512-XXCPGjRNwpFWHKQJMKIjGLfFKYULYckFnxGcWmBC2mBf3NsrvUKgqHax4NCqc0TfbDAimPDHOc6HOKtzsXK9Gw==",
      "dependencies": [
        "@smithy/types",
        "tslib"
      ]
    },
    "@smithy/eventstream-serde-node@4.0.3": {
      "integrity": "sha512-HOEbRmm9TrikCoFrypYu0J/gC4Lsk8gl5LtOz1G3laD2Jy44+ht2Pd2E9qjNQfhMJIzKDZ/gbuUH0s0v4kWQ0A==",
      "dependencies": [
        "@smithy/eventstream-serde-universal",
        "@smithy/types",
        "tslib"
      ]
    },
    "@smithy/eventstream-serde-universal@4.0.3": {
      "integrity": "sha512-ShOP512CZrYI9n+h64PJ84udzoNHUQtPddyh1j175KNTKsSnMEDNscOWJWyEoLQiuhWWw51lSa+k6ea9ZGXcRg==",
      "dependencies": [
        "@smithy/eventstream-codec",
        "@smithy/types",
        "tslib"
      ]
    },
    "@smithy/fetch-http-handler@5.0.3": {
      "integrity": "sha512-yBZwavI31roqTndNI7ONHqesfH01JmjJK6L3uUpZAhyAmr86LN5QiPzfyZGIxQmed8VEK2NRSQT3/JX5V1njfQ==",
      "dependencies": [
        "@smithy/protocol-http",
        "@smithy/querystring-builder",
        "@smithy/types",
        "@smithy/util-base64",
        "tslib"
      ]
    },
    "@smithy/hash-blob-browser@4.0.3": {
      "integrity": "sha512-37wZYU/XI2cOF4hgNDNMzZNAuNtJTkZFWxcpagQrnf6PYU/6sJ6y5Ey9Bp4vzi9nteex/ImxAugfsF3XGLrqWA==",
      "dependencies": [
        "@smithy/chunked-blob-reader",
        "@smithy/chunked-blob-reader-native",
        "@smithy/types",
        "tslib"
      ]
    },
    "@smithy/hash-node@4.0.3": {
      "integrity": "sha512-W5Uhy6v/aYrgtjh9y0YP332gIQcwccQ+EcfWhllL0B9rPae42JngTTUpb8W6wuxaNFzqps4xq5klHckSSOy5fw==",
      "dependencies": [
        "@smithy/types",
        "@smithy/util-buffer-from@4.0.0",
        "@smithy/util-utf8@4.0.0",
        "tslib"
      ]
    },
    "@smithy/hash-stream-node@4.0.3": {
      "integrity": "sha512-CAwAvztwGYHHZGGcXtbinNxytaj5FNZChz8V+o7eNUAi5BgVqnF91Z3cJSmaE9O7FYUQVrIzGAB25Aok9T5KHQ==",
      "dependencies": [
        "@smithy/types",
        "@smithy/util-utf8@4.0.0",
        "tslib"
      ]
    },
    "@smithy/invalid-dependency@4.0.3": {
      "integrity": "sha512-1Bo8Ur1ZGqxvwTqBmv6DZEn0rXtwJGeqiiO2/JFcCtz3nBakOqeXbJBElXJMMzd0ghe8+eB6Dkw98nMYctgizg==",
      "dependencies": [
        "@smithy/types",
        "tslib"
      ]
    },
    "@smithy/is-array-buffer@2.2.0": {
      "integrity": "sha512-GGP3O9QFD24uGeAXYUjwSTXARoqpZykHadOmA8G5vfJPK0/DC67qa//0qvqrJzL1xc8WQWX7/yc7fwudjPHPhA==",
      "dependencies": [
        "tslib"
      ]
    },
    "@smithy/is-array-buffer@4.0.0": {
      "integrity": "sha512-saYhF8ZZNoJDTvJBEWgeBccCg+yvp1CX+ed12yORU3NilJScfc6gfch2oVb4QgxZrGUx3/ZJlb+c/dJbyupxlw==",
      "dependencies": [
        "tslib"
      ]
    },
    "@smithy/md5-js@4.0.3": {
      "integrity": "sha512-m95Z+1UJFPq4cv/R6TPMLYkoau7cNJYA5GLuuUJjfmF+Zrad4yaupIWeGGzIinf8pD1L+CIAxjh8eowPvyL7Dw==",
      "dependencies": [
        "@smithy/types",
        "@smithy/util-utf8@4.0.0",
        "tslib"
      ]
    },
    "@smithy/middleware-content-length@4.0.3": {
      "integrity": "sha512-NE/Zph4BP5u16bzYq2csq9qD0T6UBLeg4AuNrwNJ7Gv9uLYaGEgelZUOdRndGdMGcUfSGvNlXGb2aA2hPCwJ6g==",
      "dependencies": [
        "@smithy/protocol-http",
        "@smithy/types",
        "tslib"
      ]
    },
    "@smithy/middleware-endpoint@4.1.7": {
      "integrity": "sha512-KDzM7Iajo6K7eIWNNtukykRT4eWwlHjCEsULZUaSfi/SRSBK8BPRqG5FsVfp58lUxcvre8GT8AIPIqndA0ERKw==",
      "dependencies": [
        "@smithy/core",
        "@smithy/middleware-serde",
        "@smithy/node-config-provider",
        "@smithy/shared-ini-file-loader",
        "@smithy/types",
        "@smithy/url-parser",
        "@smithy/util-middleware",
        "tslib"
      ]
    },
    "@smithy/middleware-retry@4.1.8": {
      "integrity": "sha512-e2OtQgFzzlSG0uCjcJmi02QuFSRTrpT11Eh2EcqqDFy7DYriteHZJkkf+4AsxsrGDugAtPFcWBz1aq06sSX5fQ==",
      "dependencies": [
        "@smithy/node-config-provider",
        "@smithy/protocol-http",
        "@smithy/service-error-classification",
        "@smithy/smithy-client",
        "@smithy/types",
        "@smithy/util-middleware",
        "@smithy/util-retry",
        "tslib",
        "uuid@9.0.1"
      ]
    },
    "@smithy/middleware-serde@4.0.6": {
      "integrity": "sha512-YECyl7uNII+jCr/9qEmCu8xYL79cU0fqjo0qxpcVIU18dAPHam/iYwcknAu4Jiyw1uN+sAx7/SMf/Kmef/Jjsg==",
      "dependencies": [
        "@smithy/protocol-http",
        "@smithy/types",
        "tslib"
      ]
    },
    "@smithy/middleware-stack@4.0.3": {
      "integrity": "sha512-baeV7t4jQfQtFxBADFmnhmqBmqR38dNU5cvEgHcMK/Kp3D3bEI0CouoX2Sr/rGuntR+Eg0IjXdxnGGTc6SbIkw==",
      "dependencies": [
        "@smithy/types",
        "tslib"
      ]
    },
    "@smithy/node-config-provider@4.1.2": {
      "integrity": "sha512-SUvNup8iU1v7fmM8XPk+27m36udmGCfSz+VZP5Gb0aJ3Ne0X28K/25gnsrg3X1rWlhcnhzNUUysKW/Ied46ivQ==",
      "dependencies": [
        "@smithy/property-provider",
        "@smithy/shared-ini-file-loader",
        "@smithy/types",
        "tslib"
      ]
    },
    "@smithy/node-http-handler@4.0.5": {
      "integrity": "sha512-T7QglZC1vS7SPT44/1qSIAQEx5bFKb3LfO6zw/o4Xzt1eC5HNoH1TkS4lMYA9cWFbacUhx4hRl/blLun4EOCkg==",
      "dependencies": [
        "@smithy/abort-controller",
        "@smithy/protocol-http",
        "@smithy/querystring-builder",
        "@smithy/types",
        "tslib"
      ]
    },
    "@smithy/property-provider@4.0.3": {
      "integrity": "sha512-Wcn17QNdawJZcZZPBuMuzyBENVi1AXl4TdE0jvzo4vWX2x5df/oMlmr/9M5XAAC6+yae4kWZlOYIsNsgDrMU9A==",
      "dependencies": [
        "@smithy/types",
        "tslib"
      ]
    },
    "@smithy/protocol-http@5.1.1": {
      "integrity": "sha512-Vsay2mzq05DwNi9jK01yCFtfvu9HimmgC7a4HTs7lhX12Sx8aWsH0mfz6q/02yspSp+lOB+Q2HJwi4IV2GKz7A==",
      "dependencies": [
        "@smithy/types",
        "tslib"
      ]
    },
    "@smithy/querystring-builder@4.0.3": {
      "integrity": "sha512-UUzIWMVfPmDZcOutk2/r1vURZqavvQW0OHvgsyNV0cKupChvqg+/NKPRMaMEe+i8tP96IthMFeZOZWpV+E4RAw==",
      "dependencies": [
        "@smithy/types",
        "@smithy/util-uri-escape",
        "tslib"
      ]
    },
    "@smithy/querystring-parser@4.0.3": {
      "integrity": "sha512-K5M4ZJQpFCblOJ5Oyw7diICpFg1qhhR47m2/5Ef1PhGE19RaIZf50tjYFrxa6usqcuXyTiFPGo4d1geZdH4YcQ==",
      "dependencies": [
        "@smithy/types",
        "tslib"
      ]
    },
    "@smithy/service-error-classification@4.0.4": {
      "integrity": "sha512-W5ScbQ1bTzgH91kNEE2CvOzM4gXlDOqdow4m8vMFSIXCel2scbHwjflpVNnC60Y3F1m5i7w2gQg9lSnR+JsJAA==",
      "dependencies": [
        "@smithy/types"
      ]
    },
    "@smithy/shared-ini-file-loader@4.0.3": {
      "integrity": "sha512-vHwlrqhZGIoLwaH8vvIjpHnloShqdJ7SUPNM2EQtEox+yEDFTVQ7E+DLZ+6OhnYEgFUwPByJyz6UZaOu2tny6A==",
      "dependencies": [
        "@smithy/types",
        "tslib"
      ]
    },
    "@smithy/signature-v4@5.1.1": {
      "integrity": "sha512-zy8Repr5zvT0ja+Tf5wjV/Ba6vRrhdiDcp/ww6cvqYbSEudIkziDe3uppNRlFoCViyJXdPnLcwyZdDLA4CHzSg==",
      "dependencies": [
        "@smithy/is-array-buffer@4.0.0",
        "@smithy/protocol-http",
        "@smithy/types",
        "@smithy/util-hex-encoding",
        "@smithy/util-middleware",
        "@smithy/util-uri-escape",
        "@smithy/util-utf8@4.0.0",
        "tslib"
      ]
    },
    "@smithy/smithy-client@4.3.0": {
      "integrity": "sha512-DNsRA38pN6tYHUjebmwD9e4KcgqTLldYQb2gC6K+oxXYdCTxPn6wV9+FvOa6wrU2FQEnGJoi+3GULzOTKck/tg==",
      "dependencies": [
        "@smithy/core",
        "@smithy/middleware-endpoint",
        "@smithy/middleware-stack",
        "@smithy/protocol-http",
        "@smithy/types",
        "@smithy/util-stream",
        "tslib"
      ]
    },
    "@smithy/types@4.3.0": {
      "integrity": "sha512-+1iaIQHthDh9yaLhRzaoQxRk+l9xlk+JjMFxGRhNLz+m9vKOkjNeU8QuB4w3xvzHyVR/BVlp/4AXDHjoRIkfgQ==",
      "dependencies": [
        "tslib"
      ]
    },
    "@smithy/url-parser@4.0.3": {
      "integrity": "sha512-n5/DnosDu/tweOqUUNtUbu7eRIR4J/Wz9nL7V5kFYQQVb8VYdj7a4G5NJHCw6o21ul7CvZoJkOpdTnsQDLT0tQ==",
      "dependencies": [
        "@smithy/querystring-parser",
        "@smithy/types",
        "tslib"
      ]
    },
    "@smithy/util-base64@4.0.0": {
      "integrity": "sha512-CvHfCmO2mchox9kjrtzoHkWHxjHZzaFojLc8quxXY7WAAMAg43nuxwv95tATVgQFNDwd4M9S1qFzj40Ul41Kmg==",
      "dependencies": [
        "@smithy/util-buffer-from@4.0.0",
        "@smithy/util-utf8@4.0.0",
        "tslib"
      ]
    },
    "@smithy/util-body-length-browser@4.0.0": {
      "integrity": "sha512-sNi3DL0/k64/LO3A256M+m3CDdG6V7WKWHdAiBBMUN8S3hK3aMPhwnPik2A/a2ONN+9doY9UxaLfgqsIRg69QA==",
      "dependencies": [
        "tslib"
      ]
    },
    "@smithy/util-body-length-node@4.0.0": {
      "integrity": "sha512-q0iDP3VsZzqJyje8xJWEJCNIu3lktUGVoSy1KB0UWym2CL1siV3artm+u1DFYTLejpsrdGyCSWBdGNjJzfDPjg==",
      "dependencies": [
        "tslib"
      ]
    },
    "@smithy/util-buffer-from@2.2.0": {
      "integrity": "sha512-IJdWBbTcMQ6DA0gdNhh/BwrLkDR+ADW5Kr1aZmd4k3DIF6ezMV4R2NIAmT08wQJ3yUK82thHWmC/TnK/wpMMIA==",
      "dependencies": [
        "@smithy/is-array-buffer@2.2.0",
        "tslib"
      ]
    },
    "@smithy/util-buffer-from@4.0.0": {
      "integrity": "sha512-9TOQ7781sZvddgO8nxueKi3+yGvkY35kotA0Y6BWRajAv8jjmigQ1sBwz0UX47pQMYXJPahSKEKYFgt+rXdcug==",
      "dependencies": [
        "@smithy/is-array-buffer@4.0.0",
        "tslib"
      ]
    },
    "@smithy/util-config-provider@4.0.0": {
      "integrity": "sha512-L1RBVzLyfE8OXH+1hsJ8p+acNUSirQnWQ6/EgpchV88G6zGBTDPdXiiExei6Z1wR2RxYvxY/XLw6AMNCCt8H3w==",
      "dependencies": [
        "tslib"
      ]
    },
    "@smithy/util-defaults-mode-browser@4.0.15": {
      "integrity": "sha512-bJJ/B8owQbHAflatSq92f9OcV8858DJBQF1Y3GRjB8psLyUjbISywszYPFw16beREHO/C3I3taW4VGH+tOuwrQ==",
      "dependencies": [
        "@smithy/property-provider",
        "@smithy/smithy-client",
        "@smithy/types",
        "bowser",
        "tslib"
      ]
    },
    "@smithy/util-defaults-mode-node@4.0.15": {
      "integrity": "sha512-8CUrEW2Ni5q+NmYkj8wsgkfqoP7l4ZquptFbq92yQE66xevc4SxqP2zH6tMtN158kgBqBDsZ+qlrRwXWOjCR8A==",
      "dependencies": [
        "@smithy/config-resolver",
        "@smithy/credential-provider-imds",
        "@smithy/node-config-provider",
        "@smithy/property-provider",
        "@smithy/smithy-client",
        "@smithy/types",
        "tslib"
      ]
    },
    "@smithy/util-endpoints@3.0.5": {
      "integrity": "sha512-PjDpqLk24/vAl340tmtCA++Q01GRRNH9cwL9qh46NspAX9S+IQVcK+GOzPt0GLJ6KYGyn8uOgo2kvJhiThclJw==",
      "dependencies": [
        "@smithy/node-config-provider",
        "@smithy/types",
        "tslib"
      ]
    },
    "@smithy/util-hex-encoding@4.0.0": {
      "integrity": "sha512-Yk5mLhHtfIgW2W2WQZWSg5kuMZCVbvhFmC7rV4IO2QqnZdbEFPmQnCcGMAX2z/8Qj3B9hYYNjZOhWym+RwhePw==",
      "dependencies": [
        "tslib"
      ]
    },
    "@smithy/util-middleware@4.0.3": {
      "integrity": "sha512-iIsC6qZXxkD7V3BzTw3b1uK8RVC1M8WvwNxK1PKrH9FnxntCd30CSunXjL/8iJBE8Z0J14r2P69njwIpRG4FBQ==",
      "dependencies": [
        "@smithy/types",
        "tslib"
      ]
    },
    "@smithy/util-retry@4.0.4": {
      "integrity": "sha512-Aoqr9W2jDYGrI6OxljN8VmLDQIGO4VdMAUKMf9RGqLG8hn6or+K41NEy1Y5dtum9q8F7e0obYAuKl2mt/GnpZg==",
      "dependencies": [
        "@smithy/service-error-classification",
        "@smithy/types",
        "tslib"
      ]
    },
    "@smithy/util-stream@4.2.1": {
      "integrity": "sha512-W3IR0x5DY6iVtjj5p902oNhD+Bz7vs5S+p6tppbPa509rV9BdeXZjGuRSCtVEad9FA0Mba+tNUtUmtnSI1nwUw==",
      "dependencies": [
        "@smithy/fetch-http-handler",
        "@smithy/node-http-handler",
        "@smithy/types",
        "@smithy/util-base64",
        "@smithy/util-buffer-from@4.0.0",
        "@smithy/util-hex-encoding",
        "@smithy/util-utf8@4.0.0",
        "tslib"
      ]
    },
    "@smithy/util-uri-escape@4.0.0": {
      "integrity": "sha512-77yfbCbQMtgtTylO9itEAdpPXSog3ZxMe09AEhm0dU0NLTalV70ghDZFR+Nfi1C60jnJoh/Re4090/DuZh2Omg==",
      "dependencies": [
        "tslib"
      ]
    },
    "@smithy/util-utf8@2.3.0": {
      "integrity": "sha512-R8Rdn8Hy72KKcebgLiv8jQcQkXoLMOGGv5uI1/k0l+snqkOzQ1R0ChUBCxWMlBsFMekWjq0wRudIweFs7sKT5A==",
      "dependencies": [
        "@smithy/util-buffer-from@2.2.0",
        "tslib"
      ]
    },
    "@smithy/util-utf8@4.0.0": {
      "integrity": "sha512-b+zebfKCfRdgNJDknHCob3O7FpeYQN6ZG6YLExMcasDHsCXlsXCEuiPZeLnJLpwa5dvPetGlnGCiMHuLwGvFow==",
      "dependencies": [
        "@smithy/util-buffer-from@4.0.0",
        "tslib"
      ]
    },
    "@smithy/util-waiter@4.0.4": {
      "integrity": "sha512-73aeIvHjtSB6fd9I08iFaQIGTICKpLrI3EtlWAkStVENGo1ARMq9qdoD4QwkY0RUp6A409xlgbD9NCCfCF5ieg==",
      "dependencies": [
        "@smithy/abort-controller",
        "@smithy/types",
        "tslib"
      ]
    },
    "@types/node@22.12.0": {
      "integrity": "sha512-Fll2FZ1riMjNmlmJOdAyY5pUbkftXslB5DgEzlIuNaiWhXd00FhWxVC/r4yV/4wBb9JfImTu+jiSvXTkJ7F/gA==",
      "dependencies": [
        "undici-types"
      ]
    },
    "available-typed-arrays@1.0.7": {
      "integrity": "sha512-wvUjBtSGN7+7SjNpq/9M2Tg350UZD3q62IFZLbRAR1bSMlCo1ZaeW+BJ+D090e4hIIZLBcTDWe4Mh4jvUDajzQ==",
      "dependencies": [
        "possible-typed-array-names"
      ]
    },
    "aws-jwt-verify@5.1.0": {
      "integrity": "sha512-98ioOBMyrLU5jW5rPvkJo20XlNB2rAX3tZR3BM6AamfBkOoSRLV1EyGkbgHQzgFOWyQ7yV8+tce6M24rOpMkgw=="
    },
    "aws-sdk@2.1692.0": {
      "integrity": "sha512-x511uiJ/57FIsbgUe5csJ13k3uzu25uWQE+XqfBis/sB0SFoiElJWXRkgEAUh0U6n40eT3ay5Ue4oPkRMu1LYw==",
      "dependencies": [
        "buffer",
        "events",
        "ieee754",
        "jmespath",
        "querystring",
        "sax",
        "url",
        "util",
        "uuid@8.0.0",
        "xml2js"
      ],
      "scripts": true
    },
    "base64-js@1.5.1": {
      "integrity": "sha512-AKpaYlHn8t4SVbOHCy+b5+KKgvR4vrsD8vbvrbiQJps7fKDTkjkDry6ji0rUJjC0kzbNePLwzxq8iypo41qeWA=="
    },
    "bowser@2.11.0": {
      "integrity": "sha512-AlcaJBi/pqqJBIQ8U9Mcpc9i8Aqxn88Skv5d+xBX006BY5u8N3mGLHa5Lgppa7L/HfwgwLgZ6NYs+Ag6uUmJRA=="
    },
    "buffer@4.9.2": {
      "integrity": "sha512-xq+q3SRMOxGivLhBNaUdC64hDTQwejJ+H0T/NB1XMtTVEwNTrfFF3gAxiyW0Bu/xWEGhjVKgUcMhCrUy2+uCWg==",
      "dependencies": [
        "base64-js",
        "ieee754",
        "isarray"
      ]
    },
    "busboy@1.6.0": {
      "integrity": "sha512-8SFQbg/0hQ9xy3UNTB0YEnsNBbWfhf7RtnzpL7TkBiTBRfrQ9Fxcnz7VJsleJpyp6rVLvXiuORqjlHi5q+PYuA==",
      "dependencies": [
        "streamsearch"
      ]
    },
    "call-bind-apply-helpers@1.0.2": {
      "integrity": "sha512-Sp1ablJ0ivDkSzjcaJdxEunN5/XvksFJ2sMBFfq6x0ryhQV/2b/KwFe21cMpmHtPOSij8K99/wSfoEuTObmuMQ==",
      "dependencies": [
        "es-errors",
        "function-bind"
      ]
    },
    "call-bind@1.0.8": {
      "integrity": "sha512-oKlSFMcMwpUg2ednkhQ454wfWiU/ul3CkJe/PEHcTKuiX6RpbehUiFMXu13HalGZxfUwCQzZG747YXBn1im9ww==",
      "dependencies": [
        "call-bind-apply-helpers",
        "es-define-property",
        "get-intrinsic",
        "set-function-length"
      ]
    },
    "call-bound@1.0.4": {
      "integrity": "sha512-+ys997U96po4Kx/ABpBCqhA9EuxJaQWDQg7295H4hBphv3IZg0boBKuwYpt4YXp6MZ5AmZQnU/tyMTlRpaSejg==",
      "dependencies": [
        "call-bind-apply-helpers",
        "get-intrinsic"
      ]
    },
    "define-data-property@1.1.4": {
      "integrity": "sha512-rBMvIzlpA8v6E+SJZoo++HAYqsLrkg7MSfIinMPFhmkorw7X+dOXVJQs+QT69zGkzMyfDnIMN2Wid1+NbL3T+A==",
      "dependencies": [
        "es-define-property",
        "es-errors",
        "gopd"
      ]
    },
    "dunder-proto@1.0.1": {
      "integrity": "sha512-KIN/nDJBQRcXw0MLVhZE9iQHmG68qAVIBg9CqmUYjmQIhgij9U5MFvrqkUL5FbtyyzZuOeOt0zdeRe4UY7ct+A==",
      "dependencies": [
        "call-bind-apply-helpers",
        "es-errors",
        "gopd"
      ]
    },
    "es-define-property@1.0.1": {
      "integrity": "sha512-e3nRfgfUZ4rNGL232gUgX06QNyyez04KdjFrF+LTRoOXmrOgFKDg4BCdsjW8EnT69eqdYGmRpJwiPVYNrCaW3g=="
    },
    "es-errors@1.3.0": {
      "integrity": "sha512-Zf5H2Kxt2xjTvbJvP2ZWLEICxA6j+hAmMzIlypy4xcBg1vKVnx89Wy0GbS+kf5cwCVFFzdCFh2XSCFNULS6csw=="
    },
    "es-object-atoms@1.1.1": {
      "integrity": "sha512-FGgH2h8zKNim9ljj7dankFPcICIK9Cp5bm+c2gQSYePhpaG5+esrLODihIorn+Pe6FGJzWhXQotPv73jTaldXA==",
      "dependencies": [
        "es-errors"
      ]
    },
    "events@1.1.1": {
      "integrity": "sha512-kEcvvCBByWXGnZy6JUlgAp2gBIUjfCAV6P6TgT1/aaQKcmuAEC4OZTV1I4EWQLz2gxZw76atuVyvHhTxvi0Flw=="
    },
    "fast-xml-parser@4.4.1": {
      "integrity": "sha512-xkjOecfnKGkSsOwtZ5Pz7Us/T6mrbPQrq0nh+aCO5V9nk5NLWmasAHumTKjiPJPWANe+kAZ84Jc8ooJkzZ88Sw==",
      "dependencies": [
        "strnum"
      ],
      "bin": true
    },
    "for-each@0.3.5": {
      "integrity": "sha512-dKx12eRCVIzqCxFGplyFKJMPvLEWgmNtUrpTiJIR5u97zEhRG8ySrtboPHZXx7daLxQVrl643cTzbab2tkQjxg==",
      "dependencies": [
        "is-callable"
      ]
    },
    "function-bind@1.1.2": {
      "integrity": "sha512-7XHNxH7qX9xG5mIwxkhumTox/MIRNcOgDrxWsMt2pAr23WHp6MrRlN7FBSFpCpr+oVO0F744iUgR82nJMfG2SA=="
    },
    "get-intrinsic@1.3.0": {
      "integrity": "sha512-9fSjSaos/fRIVIp+xSJlE6lfwhES7LNtKaCBIamHsjr2na1BiABJPo0mOjjz8GJDURarmCPGqaiVg5mfjb98CQ==",
      "dependencies": [
        "call-bind-apply-helpers",
        "es-define-property",
        "es-errors",
        "es-object-atoms",
        "function-bind",
        "get-proto",
        "gopd",
        "has-symbols",
        "hasown",
        "math-intrinsics"
      ]
    },
    "get-proto@1.0.1": {
      "integrity": "sha512-sTSfBjoXBp89JvIKIefqw7U2CCebsc74kiY6awiGogKtoSGbgjYE/G/+l9sF3MWFPNc9IcoOC4ODfKHfxFmp0g==",
      "dependencies": [
        "dunder-proto",
        "es-object-atoms"
      ]
    },
    "gopd@1.2.0": {
      "integrity": "sha512-ZUKRh6/kUFoAiTAtTYPZJ3hw9wNxx+BIBOijnlG9PnrJsCcSjs1wyyD6vJpaYtgnzDrKYRSqf3OO6Rfa93xsRg=="
    },
    "has-property-descriptors@1.0.2": {
      "integrity": "sha512-55JNKuIW+vq4Ke1BjOTjM2YctQIvCT7GFzHwmfZPGo5wnrgkid0YQtnAleFSqumZm4az3n2BS+erby5ipJdgrg==",
      "dependencies": [
        "es-define-property"
      ]
    },
    "has-symbols@1.1.0": {
      "integrity": "sha512-1cDNdwJ2Jaohmb3sg4OmKaMBwuC48sYni5HUw2DvsC8LjGTLK9h+eb1X6RyuOHe4hT0ULCW68iomhjUoKUqlPQ=="
    },
    "has-tostringtag@1.0.2": {
      "integrity": "sha512-NqADB8VjPFLM2V0VvHUewwwsw0ZWBaIdgo+ieHtK3hasLz4qeCRjYcqfB6AQrBggRKppKF8L52/VqdVsO47Dlw==",
      "dependencies": [
        "has-symbols"
      ]
    },
    "hasown@2.0.2": {
      "integrity": "sha512-0hJU9SCPvmMzIBdZFqNPXWa6dqh7WdH0cII9y+CyS8rG3nL48Bclra9HmKhVVUHyPWNH5Y7xDwAB7bfgSjkUMQ==",
      "dependencies": [
        "function-bind"
      ]
    },
    "ieee754@1.1.13": {
      "integrity": "sha512-4vf7I2LYV/HaWerSo3XmlMkp5eZ83i+/CDluXi/IGTs/O1sejBNhTtnxzmRZfvOUqj7lZjqHkeTvpgSFDlWZTg=="
    },
    "inherits@2.0.4": {
      "integrity": "sha512-k/vGaX4/Yla3WzyMCvTQOXYeIHvqOKtnqBduzTHpzpQZzAskKMhZ2K+EnBiSM9zGSoIFeMpXKxa4dYeZIQqewQ=="
    },
    "is-arguments@1.2.0": {
      "integrity": "sha512-7bVbi0huj/wrIAOzb8U1aszg9kdi3KN/CyU19CTI7tAoZYEZoL9yCDXpbXN+uPsuWnP02cyug1gleqq+TU+YCA==",
      "dependencies": [
        "call-bound",
        "has-tostringtag"
      ]
    },
    "is-callable@1.2.7": {
      "integrity": "sha512-1BC0BVFhS/p0qtw6enp8e+8OD0UrK0oFLztSjNzhcKA3WDuJxxAPXzPuPtKkjEY9UUoEWlX/8fgKeu2S8i9JTA=="
    },
    "is-generator-function@1.1.0": {
      "integrity": "sha512-nPUB5km40q9e8UfN/Zc24eLlzdSf9OfKByBw9CIdw4H1giPMeA0OIJvbchsCu4npfI2QcMVBsGEBHKZ7wLTWmQ==",
      "dependencies": [
        "call-bound",
        "get-proto",
        "has-tostringtag",
        "safe-regex-test"
      ]
    },
    "is-regex@1.2.1": {
      "integrity": "sha512-MjYsKHO5O7mCsmRGxWcLWheFqN9DJ/2TmngvjKXihe6efViPqc274+Fx/4fYj/r03+ESvBdTXK0V6tA3rgez1g==",
      "dependencies": [
        "call-bound",
        "gopd",
        "has-tostringtag",
        "hasown"
      ]
    },
    "is-typed-array@1.1.15": {
      "integrity": "sha512-p3EcsicXjit7SaskXHs1hA91QxgTw46Fv6EFKKGS5DRFLD8yKnohjF3hxoju94b/OcMZoQukzpPpBE9uLVKzgQ==",
      "dependencies": [
        "which-typed-array"
      ]
    },
    "isarray@1.0.0": {
      "integrity": "sha512-VLghIWNM6ELQzo7zwmcg0NmTVyWKYjvIeM83yjp0wRDTmUnrM678fQbcKBo6n2CJEF0szoG//ytg+TKla89ALQ=="
    },
    "jmespath@0.16.0": {
      "integrity": "sha512-9FzQjJ7MATs1tSpnco1K6ayiYE3figslrXA72G2HQ/n76RzvYlofyi5QM+iX4YRs/pu3yzxlVQSST23+dMDknw=="
    },
    "math-intrinsics@1.1.0": {
      "integrity": "sha512-/IXtbwEk5HTPyEwyKX6hGkYXxM9nbj64B+ilVJnC/R6B0pH5G4V3b0pVbL7DBj4tkhBAppbQUlf6F6Xl9LHu1g=="
    },
    "mime-db@1.54.0": {
      "integrity": "sha512-aU5EJuIN2WDemCcAp2vFBfp/m4EAhWJnUNSSw0ixs7/kXbd6Pg64EmwJkNdFhB8aWt1sH2CTXrLxo/iAGV3oPQ=="
    },
    "mime-types@3.0.1": {
      "integrity": "sha512-xRc4oEhT6eaBpU1XF7AjpOFD+xQmXNB5OVKwp4tqCuBpHLS/ZbBDrc07mYTDqVMg6PfxUjjNp85O6Cd2Z/5HWA==",
      "dependencies": [
        "mime-db"
      ]
    },
    "pg-cloudflare@1.2.5": {
      "integrity": "sha512-OOX22Vt0vOSRrdoUPKJ8Wi2OpE/o/h9T8X1s4qSkCedbNah9ei2W2765be8iMVxQUsvgT7zIAT2eIa9fs5+vtg=="
    },
    "pg-connection-string@2.8.5": {
      "integrity": "sha512-Ni8FuZ8yAF+sWZzojvtLE2b03cqjO5jNULcHFfM9ZZ0/JXrgom5pBREbtnAw7oxsxJqHw9Nz/XWORUEL3/IFow=="
    },
    "pg-int8@1.0.1": {
      "integrity": "sha512-WCtabS6t3c8SkpDBUlb1kjOs7l66xsGdKpIPZsg4wR+B3+u9UAum2odSsF9tnvxg80h4ZxLWMy4pRjOsFIqQpw=="
    },
    "pg-pool@3.9.6_pg@8.15.6": {
      "integrity": "sha512-rFen0G7adh1YmgvrmE5IPIqbb+IgEzENUm+tzm6MLLDSlPRoZVhzU1WdML9PV2W5GOdRA9qBKURlbt1OsXOsPw==",
      "dependencies": [
        "pg"
      ]
    },
    "pg-protocol@1.9.5": {
      "integrity": "sha512-DYTWtWpfd5FOro3UnAfwvhD8jh59r2ig8bPtc9H8Ds7MscE/9NYruUQWFAOuraRl29jwcT2kyMFQ3MxeaVjUhg=="
    },
    "pg-types@2.2.0": {
      "integrity": "sha512-qTAAlrEsl8s4OiEQY69wDvcMIdQN6wdz5ojQiOy6YRMuynxenON0O5oCpJI6lshc6scgAY8qvJ2On/p+CXY0GA==",
      "dependencies": [
        "pg-int8",
        "postgres-array",
        "postgres-bytea",
        "postgres-date",
        "postgres-interval"
      ]
    },
    "pg@8.15.6": {
      "integrity": "sha512-yvao7YI3GdmmrslNVsZgx9PfntfWrnXwtR+K/DjI0I/sTKif4Z623um+sjVZ1hk5670B+ODjvHDAckKdjmPTsg==",
      "dependencies": [
        "pg-connection-string",
        "pg-pool",
        "pg-protocol",
        "pg-types",
        "pgpass"
      ],
      "optionalDependencies": [
        "pg-cloudflare"
      ]
    },
    "pgpass@1.0.5": {
      "integrity": "sha512-FdW9r/jQZhSeohs1Z3sI1yxFQNFvMcnmfuj4WBMUTxOrAyLMaTcE1aAMBiTlbMNaXvBCQuVi0R7hd8udDSP7ug==",
      "dependencies": [
        "split2"
      ]
    },
    "possible-typed-array-names@1.1.0": {
      "integrity": "sha512-/+5VFTchJDoVj3bhoqi6UeymcD00DAwb1nJwamzPvHEszJ4FpF6SNNbUbOS8yI56qHzdV8eK0qEfOSiodkTdxg=="
    },
    "postgres-array@2.0.0": {
      "integrity": "sha512-VpZrUqU5A69eQyW2c5CA1jtLecCsN2U/bD6VilrFDWq5+5UIEVO7nazS3TEcHf1zuPYO/sqGvUvW62g86RXZuA=="
    },
    "postgres-bytea@1.0.0": {
      "integrity": "sha512-xy3pmLuQqRBZBXDULy7KbaitYqLcmxigw14Q5sj8QBVLqEwXfeybIKVWiqAXTlcvdvb0+xkOtDbfQMOf4lST1w=="
    },
    "postgres-date@1.0.7": {
      "integrity": "sha512-suDmjLVQg78nMK2UZ454hAG+OAW+HQPZ6n++TNDUX+L0+uUlLywnoxJKDou51Zm+zTCjrCl0Nq6J9C5hP9vK/Q=="
    },
    "postgres-interval@1.2.0": {
      "integrity": "sha512-9ZhXKM/rw350N1ovuWHbGxnGh/SNJ4cnxHiM0rxE4VN41wsg8P8zWn9hv/buK00RP4WvlOyr/RBDiptyxVbkZQ==",
      "dependencies": [
        "xtend"
      ]
    },
    "punycode@1.3.2": {
      "integrity": "sha512-RofWgt/7fL5wP1Y7fxE7/EmTLzQVnB0ycyibJ0OOHIlJqTNzglYFxVwETOcIoJqJmpDXJ9xImDv+Fq34F/d4Dw=="
    },
    "querystring@0.2.0": {
      "integrity": "sha512-X/xY82scca2tau62i9mDyU9K+I+djTMUsvwf7xnUX5GLvVzgJybOJf4Y6o9Zx3oJK/LSXg5tTZBjwzqVPaPO2g==",
      "deprecated": true
    },
    "safe-regex-test@1.1.0": {
      "integrity": "sha512-x/+Cz4YrimQxQccJf5mKEbIa1NzeCRNI5Ecl/ekmlYaampdNLPalVyIcCZNNH3MvmqBugV5TMYZXv0ljslUlaw==",
      "dependencies": [
        "call-bound",
        "es-errors",
        "is-regex"
      ]
    },
    "sax@1.2.1": {
      "integrity": "sha512-8I2a3LovHTOpm7NV5yOyO8IHqgVsfK4+UuySrXU8YXkSRX7k6hCV9b3HrkKCr3nMpgj+0bmocaJJWpvp1oc7ZA=="
    },
    "set-function-length@1.2.2": {
      "integrity": "sha512-pgRc4hJ4/sNjWCSS9AmnS40x3bNMDTknHgL5UaMBTMyJnU90EgWh1Rz+MC9eFu4BuN/UwZjKQuY/1v3rM7HMfg==",
      "dependencies": [
        "define-data-property",
        "es-errors",
        "function-bind",
        "get-intrinsic",
        "gopd",
        "has-property-descriptors"
      ]
    },
    "split2@4.2.0": {
      "integrity": "sha512-UcjcJOWknrNkF6PLX83qcHM6KHgVKNkV62Y8a5uYDVv9ydGQVwAHMKqHdJje1VTWpljG0WYpCDhrCdAOYH4TWg=="
    },
    "streamsearch@1.1.0": {
      "integrity": "sha512-Mcc5wHehp9aXz1ax6bZUyY5afg9u2rv5cqQI3mRrYkGC8rW2hM02jWuwjtL++LS5qinSyhj2QfLyNsuc+VsExg=="
    },
    "strnum@1.1.2": {
      "integrity": "sha512-vrN+B7DBIoTTZjnPNewwhx6cBA/H+IS7rfW68n7XxC1y7uoiGQBxaKzqucGUgavX15dJgiGztLJ8vxuEzwqBdA=="
    },
    "tslib@2.8.1": {
      "integrity": "sha512-oJFu94HQb+KVduSUQL7wnpmqnfmLsOA/nAh6b6EH0wCEoK0/mPeXU6c3wKDV83MkOuHPRHtSXKKU99IBazS/2w=="
    },
    "undici-types@6.20.0": {
      "integrity": "sha512-Ny6QZ2Nju20vw1SRHe3d9jVu6gJ+4e3+MMpqu7pqE5HT6WsTSlce++GQmK5UXS8mzV8DSYHrQH+Xrf2jVcuKNg=="
    },
    "url@0.10.3": {
      "integrity": "sha512-hzSUW2q06EqL1gKM/a+obYHLIO6ct2hwPuviqTTOcfFVc61UbfJ2Q32+uGL/HCPxKqrdGB5QUwIe7UqlDgwsOQ==",
      "dependencies": [
        "punycode",
        "querystring"
      ]
    },
    "util@0.12.5": {
      "integrity": "sha512-kZf/K6hEIrWHI6XqOFUiiMa+79wE/D8Q+NCNAWclkyg3b4d2k7s0QGepNjiABc+aR3N1PAyHL7p6UcLY6LmrnA==",
      "dependencies": [
        "inherits",
        "is-arguments",
        "is-generator-function",
        "is-typed-array",
        "which-typed-array"
      ]
    },
    "uuid@11.1.0": {
      "integrity": "sha512-0/A9rDy9P7cJ+8w1c9WD9V//9Wj15Ce2MPz8Ri6032usz+NfePxx5AcN3bN+r6ZL6jEo066/yNYB3tn4pQEx+A==",
      "bin": true
    },
    "uuid@8.0.0": {
      "integrity": "sha512-jOXGuXZAWdsTH7eZLtyXMqUb9EcWMGZNbL9YcGBJl4MH4nrxHmZJhEHvyLFrkxo+28uLb/NYRcStH48fnD0Vzw==",
      "bin": true
    },
    "uuid@9.0.1": {
      "integrity": "sha512-b+1eJOlsR9K8HJpow9Ok3fiWOWSIcIzXodvv0rQjVoOVNpWMpxf1wZNpt4y9h10odCNrqnYp1OBzRktckBe3sA==",
      "bin": true
    },
    "which-typed-array@1.1.19": {
      "integrity": "sha512-rEvr90Bck4WZt9HHFC4DJMsjvu7x+r6bImz0/BrbWb7A2djJ8hnZMrWnHo9F8ssv0OMErasDhftrfROTyqSDrw==",
      "dependencies": [
        "available-typed-arrays",
        "call-bind",
        "call-bound",
        "for-each",
        "get-proto",
        "gopd",
        "has-tostringtag"
      ]
    },
    "xml2js@0.6.2": {
      "integrity": "sha512-T4rieHaC1EXcES0Kxxj4JWgaUQHDk+qwHcYOCFHfiwKz7tOVPLq7Hjq9dM1WCMhylqMEfP7hMcOIChvotiZegA==",
      "dependencies": [
        "sax",
        "xmlbuilder"
      ]
    },
    "xmlbuilder@11.0.1": {
      "integrity": "sha512-fDlsI/kFEx7gLvbecc0/ohLG50fugQp8ryHzMTuW9vSa1GJ0XYWKnhsUx7oie3G98+r56aTQIUB4kht42R3JvA=="
    },
    "xtend@4.0.2": {
      "integrity": "sha512-LKYU1iAXJXUgAXn9URjiu+MWhyUXHsvfp7mcuYm9dSUKK0/CjtrUwFAxD82/mCWbtLsGjFIad0wIsod4zrTAEQ=="
    }
  },
  "workspace": {
    "dependencies": [
      "jsr:@hono/hono@^4.7.7",
      "jsr:@std/assert@*",
      "npm:@aws-sdk/client-s3@^3.810.0",
      "npm:aws-jwt-verify@^5.1.0",
      "npm:aws-sdk@^2.1692.0",
      "npm:busboy@^1.6.0",
      "npm:mime-types@^3.0.1",
      "npm:pg@^8.14.1",
      "npm:uuid@^11.1.0"
    ]
  }
}
